{
  "name": "neos.redirecthandler.ui",
  "version": "1.0.0",
  "lockfileVersion": 1,
  "requires": true,
  "dependencies": {
    "tail.datetime": {
      "version": "0.4.12",
      "resolved": "https://registry.npmjs.org/tail.datetime/-/tail.datetime-0.4.12.tgz",
      "integrity": "sha512-0DwjfTbdkYC9y7xMoKsh7w1PPLS+9bIXHX0ZZgu2iDoUrLHPz5vx0JGk1bO/AJqY93CtApFIXllAbztH5uIA3A==",
      "dev": true
    }
  }
}
